
Microsoft Visual Studio Solution File, Format Version 12.00
# Visual Studio 15
VisualStudioVersion = 15.0.26430.16
MinimumVisualStudioVersion = 10.0.40219.1
Project("{FAE04EC0-301F-11D3-BF4B-00C04F79EFBC}") = "TeduShop.Common", "TeduShop.Common\TeduShop.Common.csproj", "{E3DF4C3A-2330-45DB-919A-48732346AE5D}"
EndProject
Project("{FAE04EC0-301F-11D3-BF4B-00C04F79EFBC}") = "TeduShop.Model", "TeduShop.Model\TeduShop.Model.csproj", "{82B55AF2-F6E4-4EE7-AD31-D59D29CCE8CF}"
EndProject
Project("{FAE04EC0-301F-11D3-BF4B-00C04F79EFBC}") = "TeduShop.Data", "TedShop.Data\TeduShop.Data.csproj", "{314A24CF-A7D8-49CC-B171-480D4F35ED46}"
EndProject
Project("{FAE04EC0-301F-11D3-BF4B-00C04F79EFBC}") = "TeduShop.Service", "TeduShop.Service\TeduShop.Service.csproj", "{8775B7B5-03A5-422C-9138-5D9841B1A41F}"
EndProject
Project("{FAE04EC0-301F-11D3-BF4B-00C04F79EFBC}") = "TeduShop.UnitTest", "TeduShop.UnitTest\TeduShop.UnitTest.csproj", "{4EA21990-39BA-444F-A42D-0D93325F645C}"
EndProject
Project("{FAE04EC0-301F-11D3-BF4B-00C04F79EFBC}") = "TeduShop.Web", "TeduShop.Web\TeduShop.Web.csproj", "{98C66341-58E8-4B15-A307-8F5B014738A1}"
EndProject
Global
	GlobalSection(SolutionConfigurationPlatforms) = preSolution
		Debug|Any CPU = Debug|Any CPU
		Release|Any CPU = Release|Any CPU
	EndGlobalSection
	GlobalSection(ProjectConfigurationPlatforms) = postSolution
		{E3DF4C3A-2330-45DB-919A-48732346AE5D}.Debug|Any CPU.ActiveCfg = Debug|Any CPU
		{E3DF4C3A-2330-45DB-919A-48732346AE5D}.Debug|Any CPU.Build.0 = Debug|Any CPU
		{E3DF4C3A-2330-45DB-919A-48732346AE5D}.Release|Any CPU.ActiveCfg = Release|Any CPU
		{E3DF4C3A-2330-45DB-919A-48732346AE5D}.Release|Any CPU.Build.0 = Release|Any CPU
		{82B55AF2-F6E4-4EE7-AD31-D59D29CCE8CF}.Debug|Any CPU.ActiveCfg = Debug|Any CPU
		{82B55AF2-F6E4-4EE7-AD31-D59D29CCE8CF}.Debug|Any CPU.Build.0 = Debug|Any CPU
		{82B55AF2-F6E4-4EE7-AD31-D59D29CCE8CF}.Release|Any CPU.ActiveCfg = Release|Any CPU
		{82B55AF2-F6E4-4EE7-AD31-D59D29CCE8CF}.Release|Any CPU.Build.0 = Release|Any CPU
		{314A24CF-A7D8-49CC-B171-480D4F35ED46}.Debug|Any CPU.ActiveCfg = Debug|Any CPU
		{314A24CF-A7D8-49CC-B171-480D4F35ED46}.Debug|Any CPU.Build.0 = Debug|Any CPU
		{314A24CF-A7D8-49CC-B171-480D4F35ED46}.Release|Any CPU.ActiveCfg = Release|Any CPU
		{314A24CF-A7D8-49CC-B171-480D4F35ED46}.Release|Any CPU.Build.0 = Release|Any CPU
		{8775B7B5-03A5-422C-9138-5D9841B1A41F}.Debug|Any CPU.ActiveCfg = Debug|Any CPU
		{8775B7B5-03A5-422C-9138-5D9841B1A41F}.Debug|Any CPU.Build.0 = Debug|Any CPU
		{8775B7B5-03A5-422C-9138-5D9841B1A41F}.Release|Any CPU.ActiveCfg = Release|Any CPU
		{8775B7B5-03A5-422C-9138-5D9841B1A41F}.Release|Any CPU.Build.0 = Release|Any CPU
		{4EA21990-39BA-444F-A42D-0D93325F645C}.Debug|Any CPU.ActiveCfg = Debug|Any CPU
		{4EA21990-39BA-444F-A42D-0D93325F645C}.Debug|Any CPU.Build.0 = Debug|Any CPU
		{4EA21990-39BA-444F-A42D-0D93325F645C}.Release|Any CPU.ActiveCfg = Release|Any CPU
		{4EA21990-39BA-444F-A42D-0D93325F645C}.Release|Any CPU.Build.0 = Release|Any CPU
		{98C66341-58E8-4B15-A307-8F5B014738A1}.Debug|Any CPU.ActiveCfg = Debug|Any CPU
		{98C66341-58E8-4B15-A307-8F5B014738A1}.Debug|Any CPU.Build.0 = Debug|Any CPU
		{98C66341-58E8-4B15-A307-8F5B014738A1}.Release|Any CPU.ActiveCfg = Release|Any CPU
		{98C66341-58E8-4B15-A307-8F5B014738A1}.Release|Any CPU.Build.0 = Release|Any CPU
	EndGlobalSection
	GlobalSection(SolutionProperties) = preSolution
		HideSolutionNode = FALSE
	EndGlobalSection
EndGlobal
